
Microsoft Visual Studio Solution File, Format Version 12.00
# Visual Studio 15
VisualStudioVersion = 15.0.28010.2016
MinimumVisualStudioVersion = 10.0.40219.1
Project("{FAE04EC0-301F-11D3-BF4B-00C04F79EFBC}") = "MvcMovie", "MvcMovie\MvcMovie.csproj", "{09334F97-8FA6-4366-BD79-FD51C2A83B7D}"
EndProject
Global
	GlobalSection(SolutionConfigurationPlatforms) = preSolution
		Debug|Any CPU = Debug|Any CPU
		Release|Any CPU = Release|Any CPU
	EndGlobalSection
	GlobalSection(ProjectConfigurationPlatforms) = postSolution
		{09334F97-8FA6-4366-BD79-FD51C2A83B7D}.Debug|Any CPU.ActiveCfg = Debug|Any CPU
		{09334F97-8FA6-4366-BD79-FD51C2A83B7D}.Debug|Any CPU.Build.0 = Debug|Any CPU
		{09334F97-8FA6-4366-BD79-FD51C2A83B7D}.Release|Any CPU.ActiveCfg = Release|Any CPU
		{09334F97-8FA6-4366-BD79-FD51C2A83B7D}.Release|Any CPU.Build.0 = Release|Any CPU
	EndGlobalSection
	GlobalSection(SolutionProperties) = preSolution
		HideSolutionNode = FALSE
	EndGlobalSection
	GlobalSection(ExtensibilityGlobals) = postSolution
		SolutionGuid = {B10E9D83-79C8-41DD-AA65-AF6CA5C41386}
	EndGlobalSection
EndGlobal
